
Microsoft Visual Studio Solution File, Format Version 12.00
# Visual Studio Version 17
VisualStudioVersion = 17.7.34031.279
MinimumVisualStudioVersion = 10.0.40219.1
Project("{9A19103F-16F7-4668-BE54-9A1E7A4F7556}") = "TechOil", "TechOil\TechOil.csproj", "{C86BF45A-EE97-4831-8E62-D3E759AE78C3}"
EndProject
Project("{9A19103F-16F7-4668-BE54-9A1E7A4F7556}") = "MSTest", "MSTest\MSTest.csproj", "{39DA4806-1A62-4EAA-9468-81CA7CA41BFB}"
EndProject
Project("{9A19103F-16F7-4668-BE54-9A1E7A4F7556}") = "FrontTechOil", "FrontTechOil\FrontTechOil.csproj", "{AE2264F7-E205-4BEE-80C3-7C5D5C0A0581}"
EndProject
Global
	GlobalSection(SolutionConfigurationPlatforms) = preSolution
		Debug|Any CPU = Debug|Any CPU
		Release|Any CPU = Release|Any CPU
	EndGlobalSection
	GlobalSection(ProjectConfigurationPlatforms) = postSolution
		{C86BF45A-EE97-4831-8E62-D3E759AE78C3}.Debug|Any CPU.ActiveCfg = Debug|Any CPU
		{C86BF45A-EE97-4831-8E62-D3E759AE78C3}.Debug|Any CPU.Build.0 = Debug|Any CPU
		{C86BF45A-EE97-4831-8E62-D3E759AE78C3}.Release|Any CPU.ActiveCfg = Release|Any CPU
		{C86BF45A-EE97-4831-8E62-D3E759AE78C3}.Release|Any CPU.Build.0 = Release|Any CPU
		{39DA4806-1A62-4EAA-9468-81CA7CA41BFB}.Debug|Any CPU.ActiveCfg = Debug|Any CPU
		{39DA4806-1A62-4EAA-9468-81CA7CA41BFB}.Debug|Any CPU.Build.0 = Debug|Any CPU
		{39DA4806-1A62-4EAA-9468-81CA7CA41BFB}.Release|Any CPU.ActiveCfg = Release|Any CPU
		{39DA4806-1A62-4EAA-9468-81CA7CA41BFB}.Release|Any CPU.Build.0 = Release|Any CPU
		{AE2264F7-E205-4BEE-80C3-7C5D5C0A0581}.Debug|Any CPU.ActiveCfg = Debug|Any CPU
		{AE2264F7-E205-4BEE-80C3-7C5D5C0A0581}.Debug|Any CPU.Build.0 = Debug|Any CPU
		{AE2264F7-E205-4BEE-80C3-7C5D5C0A0581}.Release|Any CPU.ActiveCfg = Release|Any CPU
		{AE2264F7-E205-4BEE-80C3-7C5D5C0A0581}.Release|Any CPU.Build.0 = Release|Any CPU
	EndGlobalSection
	GlobalSection(SolutionProperties) = preSolution
		HideSolutionNode = FALSE
	EndGlobalSection
	GlobalSection(ExtensibilityGlobals) = postSolution
		SolutionGuid = {6E52F5E0-0FD6-46A6-B379-012C6BB455A9}
	EndGlobalSection
EndGlobal
